{
  "name": "react-demo",
  "version": "1.0.0",
  "lockfileVersion": 2,
  "requires": true,
  "packages": {
    "": {
      "name": "react-demo",
      "version": "1.0.0",
      "license": "ISC",
      "dependencies": {
        "sk-mini-lodash": "^1.0.1"
      }
    },
    "node_modules/sk-mini-lodash": {
      "version": "1.0.1",
      "resolved": "https://registry.npmjs.org/sk-mini-lodash/-/sk-mini-lodash-1.0.1.tgz",
      "integrity": "sha512-yTp0yKb0dmExsjkymbmesyAQMyFHMoAY44pxN6Hcsgstmv2gwwkJdPaeKejefGXF5RMMfYJIbZ6DXUKhGJ0LDA=="
    }
  },
  "dependencies": {
    "sk-mini-lodash": {
      "version": "1.0.1",
      "resolved": "https://registry.npmjs.org/sk-mini-lodash/-/sk-mini-lodash-1.0.1.tgz",
      "integrity": "sha512-yTp0yKb0dmExsjkymbmesyAQMyFHMoAY44pxN6Hcsgstmv2gwwkJdPaeKejefGXF5RMMfYJIbZ6DXUKhGJ0LDA=="
    }
  }
}
